
Microsoft Visual Studio Solution File, Format Version 12.00
# Visual Studio Version 17
VisualStudioVersion = 17.4.33122.133
MinimumVisualStudioVersion = 10.0.40219.1
Project("{FAE04EC0-301F-11D3-BF4B-00C04F79EFBC}") = "WinFormsApp1", "WinFormsApp1\WinFormsApp1.csproj", "{004C1985-3F8F-4B99-942D-620CEA7C22DE}"
EndProject
Global
	GlobalSection(SolutionConfigurationPlatforms) = preSolution
		Debug|Any CPU = Debug|Any CPU
		Release|Any CPU = Release|Any CPU
	EndGlobalSection
	GlobalSection(ProjectConfigurationPlatforms) = postSolution
		{004C1985-3F8F-4B99-942D-620CEA7C22DE}.Debug|Any CPU.ActiveCfg = Debug|Any CPU
		{004C1985-3F8F-4B99-942D-620CEA7C22DE}.Debug|Any CPU.Build.0 = Debug|Any CPU
		{004C1985-3F8F-4B99-942D-620CEA7C22DE}.Release|Any CPU.ActiveCfg = Release|Any CPU
		{004C1985-3F8F-4B99-942D-620CEA7C22DE}.Release|Any CPU.Build.0 = Release|Any CPU
	EndGlobalSection
	GlobalSection(SolutionProperties) = preSolution
		HideSolutionNode = FALSE
	EndGlobalSection
	GlobalSection(ExtensibilityGlobals) = postSolution
		SolutionGuid = {B79B6B15-79A0-4D83-9A5B-B68DCB982C6E}
	EndGlobalSection
EndGlobal
